<?xml version="1.0" encoding="utf-8"?>
<Project ToolsVersion="4.0" xmlns="http://schemas.microsoft.com/developer/msbuild/2003">
  <ItemGroup>
    <Filter Include="Sobel">
      <UniqueIdentifier>{9660e52f-a8f4-464f-b8e4-1972adf0edd2}</UniqueIdentifier>
    </Filter>
    <Filter Include="Naive_algorithms">
      <UniqueIdentifier>{a8ddb13d-d99e-43bb-9e75-03b25a0903cc}</UniqueIdentifier>
    </Filter>
    <Filter Include="Noise_reduction">
      <UniqueIdentifier>{6c977d4a-7e1f-446e-92b4-900704181fd9}</UniqueIdentifier>
    </Filter>
    <Filter Include="Noise_addition">
      <UniqueIdentifier>{cced2a33-a360-454a-b841-ee3a0c7e278f}</UniqueIdentifier>
    </Filter>
    <Filter Include="Gaussian_Blur">
      <UniqueIdentifier>{95e3d330-2548-42eb-8c63-e2a9614c090b}</UniqueIdentifier>
    </Filter>
    <Filter Include="Seperable_Filters">
      <UniqueIdentifier>{327e7945-4a58-4100-a48b-ce9ed1a3f0ba}</UniqueIdentifier>
    </Filter>
    <Filter Include="Seperable_Filters\Gaussian_Blur_Seperated">
      <UniqueIdentifier>{a991a6d2-d59b-4d4e-8fc3-3a92a7ebf776}</UniqueIdentifier>
    </Filter>
    <Filter Include="Seperable_Filters\Mean_Blur_Seperated">
      <UniqueIdentifier>{11f75344-c54c-42a1-ae4d-e9f7babc9134}</UniqueIdentifier>
    </Filter>
    <Filter Include="Canny">
      <UniqueIdentifier>{f274c948-d95a-4af0-91cf-8f34535ecac1}</UniqueIdentifier>
    </Filter>
    <Filter Include="Bokeh_Blur">
      <UniqueIdentifier>{5c6c52f0-c378-4006-afeb-a4f2a9d29212}</UniqueIdentifier>
    </Filter>
  </ItemGroup>
  <ItemGroup>
    <CudaCompile Include="Sobel_kernel.cu">
      <Filter>Sobel</Filter>
    </CudaCompile>
    <CudaCompile Include="Mean_Blur_CUDA.cu">
      <Filter>Noise_reduction</Filter>
    </CudaCompile>
    <CudaCompile Include="sharpen_CUDA.cu">
      <Filter>Noise_reduction</Filter>
    </CudaCompile>
    <CudaCompile Include="Noise_Addition_CUDA.cu">
      <Filter>Noise_addition</Filter>
    </CudaCompile>
    <CudaCompile Include="Gaussian_Blur.cu">
      <Filter>Gaussian_Blur</Filter>
    </CudaCompile>
    <CudaCompile Include="Gaussian_Blur_Seperated.cu">
      <Filter>Seperable_Filters\Gaussian_Blur_Seperated</Filter>
    </CudaCompile>
    <CudaCompile Include="Mean_Blur_Seperated.cu">
      <Filter>Seperable_Filters\Mean_Blur_Seperated</Filter>
    </CudaCompile>
    <CudaCompile Include="Canny_CUDA.cu">
      <Filter>Canny</Filter>
    </CudaCompile>
    <CudaCompile Include="bokeh_blur.cu">
      <Filter>Bokeh_Blur</Filter>
    </CudaCompile>
  </ItemGroup>
  <ItemGroup>
    <ClInclude Include="Sobel_CUDA.h">
      <Filter>Sobel</Filter>
    </ClInclude>
    <ClInclude Include="Driver.h" />
    <ClInclude Include="Sobel_Naive.h">
      <Filter>Naive_algorithms</Filter>
    </ClInclude>
    <ClInclude Include="mean_blur.h">
      <Filter>Naive_algorithms</Filter>
    </ClInclude>
    <ClInclude Include="Sharpen.h">
      <Filter>Naive_algorithms</Filter>
    </ClInclude>
    <ClInclude Include="mean_blur_CUDA.h">
      <Filter>Noise_reduction</Filter>
    </ClInclude>
    <ClInclude Include="sharpen_CUDA.h">
      <Filter>Noise_reduction</Filter>
    </ClInclude>
    <ClInclude Include="Noise_Addition_CUDA.h">
      <Filter>Noise_addition</Filter>
    </ClInclude>
    <ClInclude Include="Gaussian_Blur.h">
      <Filter>Gaussian_Blur</Filter>
    </ClInclude>
    <ClInclude Include="Gaussian_Blur_Seperated.h">
      <Filter>Seperable_Filters\Gaussian_Blur_Seperated</Filter>
    </ClInclude>
    <ClInclude Include="Mean_Blur_Seperated.h">
      <Filter>Seperable_Filters\Mean_Blur_Seperated</Filter>
    </ClInclude>
    <ClInclude Include="Canny_CUDA.h">
      <Filter>Canny</Filter>
    </ClInclude>
    <ClInclude Include="Bokeh_Blur.h">
      <Filter>Bokeh_Blur</Filter>
    </ClInclude>
  </ItemGroup>
  <ItemGroup>
    <ClCompile Include="Driver.cpp" />
  </ItemGroup>
</Project>