<?xml version="1.0" encoding="utf-8"?>
<Project ToolsVersion="4.0" xmlns="http://schemas.microsoft.com/developer/msbuild/2003">
  <ItemGroup>
    <Filter Include="Sobel">
      <UniqueIdentifier>{9660e52f-a8f4-464f-b8e4-1972adf0edd2}</UniqueIdentifier>
    </Filter>
    <Filter Include="Sobel_Naive">
      <UniqueIdentifier>{a8ddb13d-d99e-43bb-9e75-03b25a0903cc}</UniqueIdentifier>
    </Filter>
  </ItemGroup>
  <ItemGroup>
    <CudaCompile Include="Sobel_kernel.cu">
      <Filter>Sobel</Filter>
    </CudaCompile>
  </ItemGroup>
  <ItemGroup>
    <ClInclude Include="Sobel_CUDA.h">
      <Filter>Sobel</Filter>
    </ClInclude>
    <ClInclude Include="Driver.h" />
    <ClInclude Include="Sobel_Naive.h">
      <Filter>Sobel_Naive</Filter>
    </ClInclude>
  </ItemGroup>
  <ItemGroup>
    <ClCompile Include="Driver.cpp" />
  </ItemGroup>
</Project>